// !$*UTF8*$!
{
	archiveVersion = 1;
	classes = {
	};
	objectVersion = 46;
	objects = {

/* Begin PBXBuildFile section */
		321445491DA35BB200A038EB /* AppDelegate.swift in Sources */ = {isa = PBXBuildFile; fileRef = 321445481DA35BB200A038EB /* AppDelegate.swift */; };
		3214454B1DA35BB200A038EB /* ViewController.swift in Sources */ = {isa = PBXBuildFile; fileRef = 3214454A1DA35BB200A038EB /* ViewController.swift */; };
		3214454E1DA35BB200A038EB /* Main.storyboard in Resources */ = {isa = PBXBuildFile; fileRef = 3214454C1DA35BB200A038EB /* Main.storyboard */; };
		321445501DA35BB200A038EB /* Assets.xcassets in Resources */ = {isa = PBXBuildFile; fileRef = 3214454F1DA35BB200A038EB /* Assets.xcassets */; };
		321445531DA35BB200A038EB /* LaunchScreen.storyboard in Resources */ = {isa = PBXBuildFile; fileRef = 321445511DA35BB200A038EB /* LaunchScreen.storyboard */; };
/* End PBXBuildFile section */

/* Begin PBXFileReference section */
		321445451DA35BB200A038EB /* AssociateCSVSample.app */ = {isa = PBXFileReference; explicitFileType = wrapper.application; includeInIndex = 0; path = AssociateCSVSample.app; sourceTree = BUILT_PRODUCTS_DIR; };
		321445481DA35BB200A038EB /* AppDelegate.swift */ = {isa = PBXFileReference; lastKnownFileType = sourcecode.swift; path = AppDelegate.swift; sourceTree = "<group>"; };
		3214454A1DA35BB200A038EB /* ViewController.swift */ = {isa = PBXFileReference; lastKnownFileType = sourcecode.swift; path = ViewController.swift; sourceTree = "<group>"; };
		3214454D1DA35BB200A038EB /* Base */ = {isa = PBXFileReference; lastKnownFileType = file.storyboard; name = Base; path = Base.lproj/Main.storyboard; sourceTree = "<group>"; };
		3214454F1DA35BB200A038EB /* Assets.xcassets */ = {isa = PBXFileReference; lastKnownFileType = folder.assetcatalog; path = Assets.xcassets; sourceTree = "<group>"; };
		321445521DA35BB200A038EB /* Base */ = {isa = PBXFileReference; lastKnownFileType = file.storyboard; name = Base; path = Base.lproj/LaunchScreen.storyboard; sourceTree = "<group>"; };
		321445541DA35BB200A038EB /* Info.plist */ = {isa = PBXFileReference; lastKnownFileType = text.plist.xml; path = Info.plist; sourceTree = "<group>"; };
/* End PBXFileReference section */

/* Begin PBXFrameworksBuildPhase section */
		321445421DA35BB200A038EB /* Frameworks */ = {
			isa = PBXFrameworksBuildPhase;
			buildActionMask = 2147483647;
			files = (
			);
			runOnlyForDeploymentPostprocessing = 0;
		};
/* End PBXFrameworksBuildPhase section */

/* Begin PBXGroup section */
		3214453C1DA35BB200A038EB = {
			isa = PBXGroup;
			children = (
				321445471DA35BB200A038EB /* AssociateCSVSample */,
				321445461DA35BB200A038EB /* Products */,
			);
			sourceTree = "<group>";
		};
		321445461DA35BB200A038EB /* Products */ = {
			isa = PBXGroup;
			children = (
				321445451DA35BB200A038EB /* AssociateCSVSample.app */,
			);
			name = Products;
			sourceTree = "<group>";
		};
		321445471DA35BB200A038EB /* AssociateCSVSample */ = {
			isa = PBXGroup;
			children = (
				321445481DA35BB200A038EB /* AppDelegate.swift */,
				3214454A1DA35BB200A038EB /* ViewController.swift */,
				3214454C1DA35BB200A038EB /* Main.storyboard */,
				3214454F1DA35BB200A038EB /* Assets.xcassets */,
				321445511DA35BB200A038EB /* LaunchScreen.storyboard */,
				321445541DA35BB200A038EB /* Info.plist */,
			);
			path = AssociateCSVSample;
			sourceTree = "<group>";
		};
/* End PBXGroup section */

/* Begin PBXNativeTarget section */
		321445441DA35BB200A038EB /* AssociateCSVSample */ = {
			isa = PBXNativeTarget;
			buildConfigurationList = 321445571DA35BB200A038EB /* Build configuration list for PBXNativeTarget "AssociateCSVSample" */;
			buildPhases = (
				321445411DA35BB200A038EB /* Sources */,
				321445421DA35BB200A038EB /* Frameworks */,
				321445431DA35BB200A038EB /* Resources */,
			);
			buildRules = (
			);
			dependencies = (
			);
			name = AssociateCSVSample;
			productName = AssociateCSVSample;
			productReference = 321445451DA35BB200A038EB /* AssociateCSVSample.app */;
			productType = "com.apple.product-type.application";
		};
/* End PBXNativeTarget section */

/* Begin PBXProject section */
		3214453D1DA35BB200A038EB /* Project object */ = {
			isa = PBXProject;
			attributes = {
				LastSwiftUpdateCheck = 0800;
				LastUpgradeCheck = 0800;
				ORGANIZATIONNAME = "T@d";
				TargetAttributes = {
					321445441DA35BB200A038EB = {
						CreatedOnToolsVersion = 8.0;
						DevelopmentTeam = LPMD2DMU36;
						ProvisioningStyle = Automatic;
					};
				};
			};
			buildConfigurationList = 321445401DA35BB200A038EB /* Build configuration list for PBXProject "AssociateCSVSample" */;
			compatibilityVersion = "Xcode 3.2";
			developmentRegion = English;
			hasScannedForEncodings = 0;
			knownRegions = (
				en,
				Base,
			);
			mainGroup = 3214453C1DA35BB200A038EB;
			productRefGroup = 321445461DA35BB200A038EB /* Products */;
			projectDirPath = "";
			projectRoot = "";
			targets = (
				321445441DA35BB200A038EB /* AssociateCSVSample */,
			);
		};
/* End PBXProject section */

/* Begin PBXResourcesBuildPhase section */
		321445431DA35BB200A038EB /* Resources */ = {
			isa = PBXResourcesBuildPhase;
			buildActionMask = 2147483647;
			files = (
				321445531DA35BB200A038EB /* LaunchScreen.storyboard in Resources */,
				321445501DA35BB200A038EB /* Assets.xcassets in Resources */,
				3214454E1DA35BB200A038EB /* Main.storyboard in Resources */,
			);
			runOnlyForDeploymentPostprocessing = 0;
		};
/* End PBXResourcesBuildPhase section */

/* Begin PBXSourcesBuildPhase section */
		321445411DA35BB200A038EB /* Sources */ = {
			isa = PBXSourcesBuildPhase;
			buildActionMask = 2147483647;
			files = (
				3214454B1DA35BB200A038EB /* ViewController.swift in Sources */,
				321445491DA35BB200A038EB /* AppDelegate.swift in Sources */,
			);
			runOnlyForDeploymentPostprocessing = 0;
		};
/* End PBXSourcesBuildPhase section */

/* Begin PBXVariantGroup section */
		3214454C1DA35BB200A038EB /* Main.storyboard */ = {
			isa = PBXVariantGroup;
			children = (
				3214454D1DA35BB200A038EB /* Base */,
			);
			name = Main.storyboard;
			sourceTree = "<group>";
		};
		321445511DA35BB200A038EB /* LaunchScreen.storyboard */ = {
			isa = PBXVariantGroup;
			children = (
				321445521DA35BB200A038EB /* Base */,
			);
			name = LaunchScreen.storyboard;
			sourceTree = "<group>";
		};
/* End PBXVariantGroup section */

/* Begin XCBuildConfiguration section */
		321445551DA35BB200A038EB /* Debug */ = {
			isa = XCBuildConfiguration;
			buildSettings = {
				ALWAYS_SEARCH_USER_PATHS = NO;
				CLANG_ANALYZER_NONNULL = YES;
				CLANG_CXX_LANGUAGE_STANDARD = "gnu++0x";
				CLANG_CXX_LIBRARY = "libc++";
				CLANG_ENABLE_MODULES = YES;
				CLANG_ENABLE_OBJC_ARC = YES;
				CLANG_WARN_BOOL_CONVERSION = YES;
				CLANG_WARN_CONSTANT_CONVERSION = YES;
				CLANG_WARN_DIRECT_OBJC_ISA_USAGE = YES_ERROR;
				CLANG_WARN_DOCUMENTATION_COMMENTS = YES;
				CLANG_WARN_EMPTY_BODY = YES;
				CLANG_WARN_ENUM_CONVERSION = YES;
				CLANG_WARN_INFINITE_RECURSION = YES;
				CLANG_WARN_INT_CONVERSION = YES;
				CLANG_WARN_OBJC_ROOT_CLASS = YES_ERROR;
				CLANG_WARN_SUSPICIOUS_MOVES = YES;
				CLANG_WARN_UNREACHABLE_CODE = YES;
				CLANG_WARN__DUPLICATE_METHOD_MATCH = YES;
				"CODE_SIGN_IDENTITY[sdk=iphoneos*]" = "iPhone Developer";
				COPY_PHASE_STRIP = NO;
				DEBUG_INFORMATION_FORMAT = dwarf;
				ENABLE_STRICT_OBJC_MSGSEND = YES;
				ENABLE_TESTABILITY = YES;
				GCC_C_LANGUAGE_STANDARD = gnu99;
				GCC_DYNAMIC_NO_PIC = NO;
				GCC_NO_COMMON_BLOCKS = YES;
				GCC_OPTIMIZATION_LEVEL = 0;
				GCC_PREPROCESSOR_DEFINITIONS = (
					"DEBUG=1",
					"$(inherited)",
				);
				GCC_WARN_64_TO_32_BIT_CONVERSION = YES;
				GCC_WARN_ABOUT_RETURN_TYPE = YES_ERROR;
				GCC_WARN_UNDECLARED_SELECTOR = YES;
				GCC_WARN_UNINITIALIZED_AUTOS = YES_AGGRESSIVE;
				GCC_WARN_UNUSED_FUNCTION = YES;
				GCC_WARN_UNUSED_VARIABLE = YES;
				IPHONEOS_DEPLOYMENT_TARGET = 10.0;
				MTL_ENABLE_DEBUG_INFO = YES;
				ONLY_ACTIVE_ARCH = YES;
				SDKROOT = iphoneos;
				SWIFT_ACTIVE_COMPILATION_CONDITIONS = DEBUG;
				SWIFT_OPTIMIZATION_LEVEL = "-Onone";
			};
			name = Debug;
		};
		321445561DA35BB200A038EB /* Release */ = {
			isa = XCBuildConfiguration;
			buildSettings = {
				ALWAYS_SEARCH_USER_PATHS = NO;
				CLANG_ANALYZER_NONNULL = YES;
				CLANG_CXX_LANGUAGE_STANDARD = "gnu++0x";
				CLANG_CXX_LIBRARY = "libc++";
				CLANG_ENABLE_MODULES = YES;
				CLANG_ENABLE_OBJC_ARC = YES;
				CLANG_WARN_BOOL_CONVERSION = YES;
				CLANG_WARN_CONSTANT_CONVERSION = YES;
				CLANG_WARN_DIRECT_OBJC_ISA_USAGE = YES_ERROR;
				CLANG_WARN_DOCUMENTATION_COMMENTS = YES;
				CLANG_WARN_EMPTY_BODY = YES;
				CLANG_WARN_ENUM_CONVERSION = YES;
				CLANG_WARN_INFINITE_RECURSION = YES;
				CLANG_WARN_INT_CONVERSION = YES;
				CLANG_WARN_OBJC_ROOT_CLASS = YES_ERROR;
				CLANG_WARN_SUSPICIOUS_MOVES = YES;
				CLANG_WARN_UNREACHABLE_CODE = YES;
				CLANG_WARN__DUPLICATE_METHOD_MATCH = YES;
				"CODE_SIGN_IDENTITY[sdk=iphoneos*]" = "iPhone Developer";
				COPY_PHASE_STRIP = NO;
				DEBUG_INFORMATION_FORMAT = "dwarf-with-dsym";
				ENABLE_NS_ASSERTIONS = NO;
				ENABLE_STRICT_OBJC_MSGSEND = YES;
				GCC_C_LANGUAGE_STANDARD = gnu99;
				GCC_NO_COMMON_BLOCKS = YES;
				GCC_WARN_64_TO_32_BIT_CONVERSION = YES;
				GCC_WARN_ABOUT_RETURN_TYPE = YES_ERROR;
				GCC_WARN_UNDECLARED_SELECTOR = YES;
				GCC_WARN_UNINITIALIZED_AUTOS = YES_AGGRESSIVE;
				GCC_WARN_UNUSED_FUNCTION = YES;
				GCC_WARN_UNUSED_VARIABLE = YES;
				IPHONEOS_DEPLOYMENT_TARGET = 10.0;
				MTL_ENABLE_DEBUG_INFO = NO;
				SDKROOT = iphoneos;
				SWIFT_OPTIMIZATION_LEVEL = "-Owholemodule";
				VALIDATE_PRODUCT = YES;
			};
			name = Release;
		};
		321445581DA35BB200A038EB /* Debug */ = {
			isa = XCBuildConfiguration;
			buildSettings = {
				ASSETCATALOG_COMPILER_APPICON_NAME = AppIcon;
				DEVELOPMENT_TEAM = LPMD2DMU36;
				INFOPLIST_FILE = AssociateCSVSample/Info.plist;
				LD_RUNPATH_SEARCH_PATHS = "$(inherited) @executable_path/Frameworks";
				PRODUCT_BUNDLE_IDENTIFIER = fm.blunder.AssociateCSVSample;
				PRODUCT_NAME = "$(TARGET_NAME)";
				SWIFT_VERSION = 3.0;
			};
			name = Debug;
		};
		321445591DA35BB200A038EB /* Release */ = {
			isa = XCBuildConfiguration;
			buildSettings = {
				ASSETCATALOG_COMPILER_APPICON_NAME = AppIcon;
				DEVELOPMENT_TEAM = LPMD2DMU36;
				INFOPLIST_FILE = AssociateCSVSample/Info.plist;
				LD_RUNPATH_SEARCH_PATHS = "$(inherited) @executable_path/Frameworks";
				PRODUCT_BUNDLE_IDENTIFIER = fm.blunder.AssociateCSVSample;
				PRODUCT_NAME = "$(TARGET_NAME)";
				SWIFT_VERSION = 3.0;
			};
			name = Release;
		};
/* End XCBuildConfiguration section */

/* Begin XCConfigurationList section */
		321445401DA35BB200A038EB /* Build configuration list for PBXProject "AssociateCSVSample" */ = {
			isa = XCConfigurationList;
			buildConfigurations = (
				321445551DA35BB200A038EB /* Debug */,
				321445561DA35BB200A038EB /* Release */,
			);
			defaultConfigurationIsVisible = 0;
			defaultConfigurationName = Release;
		};
		321445571DA35BB200A038EB /* Build configuration list for PBXNativeTarget "AssociateCSVSample" */ = {
			isa = XCConfigurationList;
			buildConfigurations = (
				321445581DA35BB200A038EB /* Debug */,
				321445591DA35BB200A038EB /* Release */,
			);
			defaultConfigurationIsVisible = 0;
		};
/* End XCConfigurationList section */
	};
	rootObject = 3214453D1DA35BB200A038EB /* Project object */;
}
